
Microsoft Visual Studio Solution File, Format Version 12.00
# Visual Studio Version 16
VisualStudioVersion = 16.0.33529.622
MinimumVisualStudioVersion = 10.0.40219.1
Project("{FAE04EC0-301F-11D3-BF4B-00C04F79EFBC}") = "CursoWindowsForm", "CursoWindowsForm\CursoWindowsForm.csproj", "{E0292243-12F3-41E3-A732-F7C48D1D8AE6}"
EndProject
Project("{FAE04EC0-301F-11D3-BF4B-00C04F79EFBC}") = "WellingtonBiblioteca", "WellingtonBiblioteca\WellingtonBiblioteca.csproj", "{4365C48B-70DC-46E7-A639-DF565FFC2616}"
EndProject
Global
	GlobalSection(SolutionConfigurationPlatforms) = preSolution
		Debug|Any CPU = Debug|Any CPU
		Debug|ARM = Debug|ARM
		Debug|ARM64 = Debug|ARM64
		Debug|x64 = Debug|x64
		Debug|x86 = Debug|x86
		Release|Any CPU = Release|Any CPU
		Release|ARM = Release|ARM
		Release|ARM64 = Release|ARM64
		Release|x64 = Release|x64
		Release|x86 = Release|x86
	EndGlobalSection
	GlobalSection(ProjectConfigurationPlatforms) = postSolution
		{E0292243-12F3-41E3-A732-F7C48D1D8AE6}.Debug|Any CPU.ActiveCfg = Debug|Any CPU
		{E0292243-12F3-41E3-A732-F7C48D1D8AE6}.Debug|Any CPU.Build.0 = Debug|Any CPU
		{E0292243-12F3-41E3-A732-F7C48D1D8AE6}.Debug|ARM.ActiveCfg = Debug|Any CPU
		{E0292243-12F3-41E3-A732-F7C48D1D8AE6}.Debug|ARM.Build.0 = Debug|Any CPU
		{E0292243-12F3-41E3-A732-F7C48D1D8AE6}.Debug|ARM64.ActiveCfg = Debug|Any CPU
		{E0292243-12F3-41E3-A732-F7C48D1D8AE6}.Debug|ARM64.Build.0 = Debug|Any CPU
		{E0292243-12F3-41E3-A732-F7C48D1D8AE6}.Debug|x64.ActiveCfg = Debug|Any CPU
		{E0292243-12F3-41E3-A732-F7C48D1D8AE6}.Debug|x64.Build.0 = Debug|Any CPU
		{E0292243-12F3-41E3-A732-F7C48D1D8AE6}.Debug|x86.ActiveCfg = Debug|Any CPU
		{E0292243-12F3-41E3-A732-F7C48D1D8AE6}.Debug|x86.Build.0 = Debug|Any CPU
		{E0292243-12F3-41E3-A732-F7C48D1D8AE6}.Release|Any CPU.ActiveCfg = Release|Any CPU
		{E0292243-12F3-41E3-A732-F7C48D1D8AE6}.Release|Any CPU.Build.0 = Release|Any CPU
		{E0292243-12F3-41E3-A732-F7C48D1D8AE6}.Release|ARM.ActiveCfg = Release|Any CPU
		{E0292243-12F3-41E3-A732-F7C48D1D8AE6}.Release|ARM.Build.0 = Release|Any CPU
		{E0292243-12F3-41E3-A732-F7C48D1D8AE6}.Release|ARM64.ActiveCfg = Release|Any CPU
		{E0292243-12F3-41E3-A732-F7C48D1D8AE6}.Release|ARM64.Build.0 = Release|Any CPU
		{E0292243-12F3-41E3-A732-F7C48D1D8AE6}.Release|x64.ActiveCfg = Release|Any CPU
		{E0292243-12F3-41E3-A732-F7C48D1D8AE6}.Release|x64.Build.0 = Release|Any CPU
		{E0292243-12F3-41E3-A732-F7C48D1D8AE6}.Release|x86.ActiveCfg = Release|Any CPU
		{E0292243-12F3-41E3-A732-F7C48D1D8AE6}.Release|x86.Build.0 = Release|Any CPU
		{4365C48B-70DC-46E7-A639-DF565FFC2616}.Debug|Any CPU.ActiveCfg = Debug|Any CPU
		{4365C48B-70DC-46E7-A639-DF565FFC2616}.Debug|Any CPU.Build.0 = Debug|Any CPU
		{4365C48B-70DC-46E7-A639-DF565FFC2616}.Debug|ARM.ActiveCfg = Debug|Any CPU
		{4365C48B-70DC-46E7-A639-DF565FFC2616}.Debug|ARM.Build.0 = Debug|Any CPU
		{4365C48B-70DC-46E7-A639-DF565FFC2616}.Debug|ARM64.ActiveCfg = Debug|Any CPU
		{4365C48B-70DC-46E7-A639-DF565FFC2616}.Debug|ARM64.Build.0 = Debug|Any CPU
		{4365C48B-70DC-46E7-A639-DF565FFC2616}.Debug|x64.ActiveCfg = Debug|Any CPU
		{4365C48B-70DC-46E7-A639-DF565FFC2616}.Debug|x64.Build.0 = Debug|Any CPU
		{4365C48B-70DC-46E7-A639-DF565FFC2616}.Debug|x86.ActiveCfg = Debug|Any CPU
		{4365C48B-70DC-46E7-A639-DF565FFC2616}.Debug|x86.Build.0 = Debug|Any CPU
		{4365C48B-70DC-46E7-A639-DF565FFC2616}.Release|Any CPU.ActiveCfg = Release|Any CPU
		{4365C48B-70DC-46E7-A639-DF565FFC2616}.Release|Any CPU.Build.0 = Release|Any CPU
		{4365C48B-70DC-46E7-A639-DF565FFC2616}.Release|ARM.ActiveCfg = Release|Any CPU
		{4365C48B-70DC-46E7-A639-DF565FFC2616}.Release|ARM.Build.0 = Release|Any CPU
		{4365C48B-70DC-46E7-A639-DF565FFC2616}.Release|ARM64.ActiveCfg = Release|Any CPU
		{4365C48B-70DC-46E7-A639-DF565FFC2616}.Release|ARM64.Build.0 = Release|Any CPU
		{4365C48B-70DC-46E7-A639-DF565FFC2616}.Release|x64.ActiveCfg = Release|Any CPU
		{4365C48B-70DC-46E7-A639-DF565FFC2616}.Release|x64.Build.0 = Release|Any CPU
		{4365C48B-70DC-46E7-A639-DF565FFC2616}.Release|x86.ActiveCfg = Release|Any CPU
		{4365C48B-70DC-46E7-A639-DF565FFC2616}.Release|x86.Build.0 = Release|Any CPU
	EndGlobalSection
	GlobalSection(SolutionProperties) = preSolution
		HideSolutionNode = FALSE
	EndGlobalSection
	GlobalSection(ExtensibilityGlobals) = postSolution
		SolutionGuid = {C05A29E3-FB96-4F06-9B7F-A537EA8070AD}
	EndGlobalSection
EndGlobal
